
Microsoft Visual Studio Solution File, Format Version 12.00
# Visual Studio Version 16
VisualStudioVersion = 16.0.30611.23
MinimumVisualStudioVersion = 10.0.40219.1
Project("{8BC9CEB8-8B4A-11D0-8D11-00A0C91BC942}") = "sb", "sb\sb.vcxproj", "{CCE0E451-AA7C-47C1-A387-4524F70E45D3}"
EndProject
Global
	GlobalSection(SolutionConfigurationPlatforms) = preSolution
		Debug|x64 = Debug|x64
		Debug|x86 = Debug|x86
		Release|x64 = Release|x64
		Release|x86 = Release|x86
	EndGlobalSection
	GlobalSection(ProjectConfigurationPlatforms) = postSolution
		{CCE0E451-AA7C-47C1-A387-4524F70E45D3}.Debug|x64.ActiveCfg = Debug|x64
		{CCE0E451-AA7C-47C1-A387-4524F70E45D3}.Debug|x64.Build.0 = Debug|x64
		{CCE0E451-AA7C-47C1-A387-4524F70E45D3}.Debug|x86.ActiveCfg = Debug|Win32
		{CCE0E451-AA7C-47C1-A387-4524F70E45D3}.Debug|x86.Build.0 = Debug|Win32
		{CCE0E451-AA7C-47C1-A387-4524F70E45D3}.Release|x64.ActiveCfg = Release|x64
		{CCE0E451-AA7C-47C1-A387-4524F70E45D3}.Release|x64.Build.0 = Release|x64
		{CCE0E451-AA7C-47C1-A387-4524F70E45D3}.Release|x86.ActiveCfg = Release|Win32
		{CCE0E451-AA7C-47C1-A387-4524F70E45D3}.Release|x86.Build.0 = Release|Win32
	EndGlobalSection
	GlobalSection(SolutionProperties) = preSolution
		HideSolutionNode = FALSE
	EndGlobalSection
	GlobalSection(ExtensibilityGlobals) = postSolution
		SolutionGuid = {8EBE2D8B-5F3F-49DA-B9A4-CDA6D2ACE778}
	EndGlobalSection
EndGlobal
